
Microsoft Visual Studio Solution File, Format Version 12.00
# Visual Studio Version 16
VisualStudioVersion = 16.0.29709.97
MinimumVisualStudioVersion = 10.0.40219.1
Project("{FAE04EC0-301F-11D3-BF4B-00C04F79EFBC}") = "PANIN_ILYA_BACO.02.19_PRAKTIKA_5", "PANIN_ILYA_BACO.02.19_PRAKTIKA_5.csproj", "{2F8B86CC-9F15-40A9-A63F-E28BB92ADCD8}"
EndProject
Global
	GlobalSection(SolutionConfigurationPlatforms) = preSolution
		Debug|Any CPU = Debug|Any CPU
		Release|Any CPU = Release|Any CPU
	EndGlobalSection
	GlobalSection(ProjectConfigurationPlatforms) = postSolution
		{2F8B86CC-9F15-40A9-A63F-E28BB92ADCD8}.Debug|Any CPU.ActiveCfg = Debug|Any CPU
		{2F8B86CC-9F15-40A9-A63F-E28BB92ADCD8}.Debug|Any CPU.Build.0 = Debug|Any CPU
		{2F8B86CC-9F15-40A9-A63F-E28BB92ADCD8}.Release|Any CPU.ActiveCfg = Release|Any CPU
		{2F8B86CC-9F15-40A9-A63F-E28BB92ADCD8}.Release|Any CPU.Build.0 = Release|Any CPU
	EndGlobalSection
	GlobalSection(SolutionProperties) = preSolution
		HideSolutionNode = FALSE
	EndGlobalSection
	GlobalSection(ExtensibilityGlobals) = postSolution
		SolutionGuid = {6338DC2E-7040-4206-80F5-FB24DF29ACB4}
	EndGlobalSection
EndGlobal
